lockfileVersion: '6.0'

dependencies:
  pidusage:
    specifier: ^3.0.2
    version: 3.0.2

packages:

  /pidusage@3.0.2:
    resolution: {integrity: sha512-g0VU+y08pKw5M8EZ2rIGiEBaB8wrQMjYGFfW2QVIfyT8V+fq8YFLkvlz4bz5ljvFDJYNFCWT3PWqcRr2FKO81w==}
    engines: {node: '>=10'}
    dependencies:
      safe-buffer: 5.2.1
    dev: false

  /safe-buffer@5.2.1:
    resolution: {integrity: sha512-rp3So07KcdmmKbGvgaNxQSJr7bGVSVk5S9Eq1F+ppbRo70+YeaDxkw5Dd8NPN+GD6bjnYm2VuPuCXmpuYvmCXQ==}
    dev: false
